
Microsoft Visual Studio Solution File, Format Version 12.00
# Visual Studio Version 17
VisualStudioVersion = 17.14.36705.20
MinimumVisualStudioVersion = 10.0.40219.1
Project("{FAE04EC0-301F-11D3-BF4B-00C04F79EFBC}") = "HttpClient.Generator", "HttpClient.Generator\HttpClient.Generator.csproj", "{2DA40B2B-8082-4E97-A51B-C1C4169F1DA9}"
EndProject
Project("{FAE04EC0-301F-11D3-BF4B-00C04F79EFBC}") = "HttpClient.Generator.Tests", "HttpClient.Generator.Tests\HttpClient.Generator.Tests.csproj", "{3F0B1A1E-2498-4A57-9D62-EFAA4B3D87AB}"
EndProject
Project("{FAE04EC0-301F-11D3-BF4B-00C04F79EFBC}") = "HttpClient.Utils", "HttpClient.Utils\HttpClient.Utils.csproj", "{0167ADE5-95C9-447D-9DC5-720F09082C82}"
EndProject
Global
	GlobalSection(SolutionConfigurationPlatforms) = preSolution
		Debug|Any CPU = Debug|Any CPU
		Release|Any CPU = Release|Any CPU
	EndGlobalSection
	GlobalSection(ProjectConfigurationPlatforms) = postSolution
		{2DA40B2B-8082-4E97-A51B-C1C4169F1DA9}.Debug|Any CPU.ActiveCfg = Debug|Any CPU
		{2DA40B2B-8082-4E97-A51B-C1C4169F1DA9}.Debug|Any CPU.Build.0 = Debug|Any CPU
		{2DA40B2B-8082-4E97-A51B-C1C4169F1DA9}.Release|Any CPU.ActiveCfg = Release|Any CPU
		{2DA40B2B-8082-4E97-A51B-C1C4169F1DA9}.Release|Any CPU.Build.0 = Release|Any CPU
		{3F0B1A1E-2498-4A57-9D62-EFAA4B3D87AB}.Debug|Any CPU.ActiveCfg = Debug|Any CPU
		{3F0B1A1E-2498-4A57-9D62-EFAA4B3D87AB}.Debug|Any CPU.Build.0 = Debug|Any CPU
		{3F0B1A1E-2498-4A57-9D62-EFAA4B3D87AB}.Release|Any CPU.ActiveCfg = Release|Any CPU
		{3F0B1A1E-2498-4A57-9D62-EFAA4B3D87AB}.Release|Any CPU.Build.0 = Release|Any CPU
		{0167ADE5-95C9-447D-9DC5-720F09082C82}.Debug|Any CPU.ActiveCfg = Debug|Any CPU
		{0167ADE5-95C9-447D-9DC5-720F09082C82}.Debug|Any CPU.Build.0 = Debug|Any CPU
		{0167ADE5-95C9-447D-9DC5-720F09082C82}.Release|Any CPU.ActiveCfg = Release|Any CPU
		{0167ADE5-95C9-447D-9DC5-720F09082C82}.Release|Any CPU.Build.0 = Release|Any CPU
	EndGlobalSection
	GlobalSection(SolutionProperties) = preSolution
		HideSolutionNode = FALSE
	EndGlobalSection
	GlobalSection(ExtensibilityGlobals) = postSolution
		SolutionGuid = {CD344726-8F32-49F2-BC02-261D76644B25}
	EndGlobalSection
EndGlobal
